<?xml version="1.0" encoding="utf-8"?>
<Project ToolsVersion="4.0" xmlns="http://schemas.microsoft.com/developer/msbuild/2003">
  <ItemGroup>
    <Filter Include="Platform">
      <UniqueIdentifier>{2AC788B4-1694-E3BF-3FAD-D1672BD9184E}</UniqueIdentifier>
    </Filter>
    <Filter Include="Platform\OpenGL">
      <UniqueIdentifier>{1E7D2C1D-8A08-9AE1-9319-1DD6FF23F6E1}</UniqueIdentifier>
    </Filter>
    <Filter Include="Platform\Windows">
      <UniqueIdentifier>{64FBD71A-50F4-F66C-7926-DCF1657ED678}</UniqueIdentifier>
    </Filter>
    <Filter Include="Voyage">
      <UniqueIdentifier>{F04E97D8-DCF0-C1AE-C5AB-D502B1EC48FF}</UniqueIdentifier>
    </Filter>
    <Filter Include="Voyage\Events">
      <UniqueIdentifier>{D4CCC0C0-408D-3CF7-09C8-8574754781D3}</UniqueIdentifier>
    </Filter>
    <Filter Include="Voyage\ImGui">
      <UniqueIdentifier>{1A38FB89-069B-8A2E-AF20-C3E49B6256B1}</UniqueIdentifier>
    </Filter>
  </ItemGroup>
  <ItemGroup>
    <ClInclude Include="src\Platform\OpenGL\ImGuiOpenGLRenderer.h">
      <Filter>Platform\OpenGL</Filter>
    </ClInclude>
    <ClInclude Include="src\Platform\Windows\WindowsWindow.h">
      <Filter>Platform\Windows</Filter>
    </ClInclude>
    <ClInclude Include="src\Voyage.h" />
    <ClInclude Include="src\Voyage\Application.h">
      <Filter>Voyage</Filter>
    </ClInclude>
    <ClInclude Include="src\Voyage\Core.h">
      <Filter>Voyage</Filter>
    </ClInclude>
    <ClInclude Include="src\Voyage\EntryPoint.h">
      <Filter>Voyage</Filter>
    </ClInclude>
    <ClInclude Include="src\Voyage\Events\ApplicationEvent.h">
      <Filter>Voyage\Events</Filter>
    </ClInclude>
    <ClInclude Include="src\Voyage\Events\Event.h">
      <Filter>Voyage\Events</Filter>
    </ClInclude>
    <ClInclude Include="src\Voyage\Events\KeyEvent.h">
      <Filter>Voyage\Events</Filter>
    </ClInclude>
    <ClInclude Include="src\Voyage\Events\MouseEvent.h">
      <Filter>Voyage\Events</Filter>
    </ClInclude>
    <ClInclude Include="src\Voyage\ImGui\ImGuiLayer.h">
      <Filter>Voyage\ImGui</Filter>
    </ClInclude>
    <ClInclude Include="src\Voyage\Layer.h">
      <Filter>Voyage</Filter>
    </ClInclude>
    <ClInclude Include="src\Voyage\LayerStack.h">
      <Filter>Voyage</Filter>
    </ClInclude>
    <ClInclude Include="src\Voyage\Log.h">
      <Filter>Voyage</Filter>
    </ClInclude>
    <ClInclude Include="src\Voyage\Window.h">
      <Filter>Voyage</Filter>
    </ClInclude>
    <ClInclude Include="src\vgpch.h" />
    <ClInclude Include="src\Voyage\Input.h" />
    <ClInclude Include="src\Platform\Windows\WindowsInput.h" />
    <ClInclude Include="src\Voyage\KeyCodes.h" />
    <ClInclude Include="src\Voyage\MouseButtonCodes.h" />
  </ItemGroup>
  <ItemGroup>
    <ClCompile Include="src\Platform\OpenGL\ImGuiOpenGLRenderer.cpp">
      <Filter>Platform\OpenGL</Filter>
    </ClCompile>
    <ClCompile Include="src\Platform\Windows\WindowsWindow.cpp">
      <Filter>Platform\Windows</Filter>
    </ClCompile>
    <ClCompile Include="src\Voyage\Application.cpp">
      <Filter>Voyage</Filter>
    </ClCompile>
    <ClCompile Include="src\Voyage\ImGui\ImGuiLayer.cpp">
      <Filter>Voyage\ImGui</Filter>
    </ClCompile>
    <ClCompile Include="src\Voyage\Layer.cpp">
      <Filter>Voyage</Filter>
    </ClCompile>
    <ClCompile Include="src\Voyage\LayerStack.cpp">
      <Filter>Voyage</Filter>
    </ClCompile>
    <ClCompile Include="src\Voyage\Log.cpp">
      <Filter>Voyage</Filter>
    </ClCompile>
    <ClCompile Include="src\vgpch.cpp" />
    <ClCompile Include="src\Platform\Windows\WindowsInput.cpp" />
  </ItemGroup>
</Project>